// !$*UTF8*$!
{
	archiveVersion = 1;
	classes = {
	};
	objectVersion = 50;
	objects = {

/* Begin PBXBuildFile section */
		EE65A0AB248CC7F3007337AB /* AppDelegate.swift in Sources */ = {isa = PBXBuildFile; fileRef = EE65A0AA248CC7F3007337AB /* AppDelegate.swift */; };
		EE65A0AD248CC7F3007337AB /* SceneDelegate.swift in Sources */ = {isa = PBXBuildFile; fileRef = EE65A0AC248CC7F3007337AB /* SceneDelegate.swift */; };
		EE65A0AF248CC7F3007337AB /* ViewController.swift in Sources */ = {isa = PBXBuildFile; fileRef = EE65A0AE248CC7F3007337AB /* ViewController.swift */; };
		EE65A0B2248CC7F3007337AB /* Main.storyboard in Resources */ = {isa = PBXBuildFile; fileRef = EE65A0B0248CC7F3007337AB /* Main.storyboard */; };
		EE65A0B4248CC7F6007337AB /* Assets.xcassets in Resources */ = {isa = PBXBuildFile; fileRef = EE65A0B3248CC7F6007337AB /* Assets.xcassets */; };
		EE65A0B7248CC7F6007337AB /* LaunchScreen.storyboard in Resources */ = {isa = PBXBuildFile; fileRef = EE65A0B5248CC7F6007337AB /* LaunchScreen.storyboard */; };
		EE65A0C2248CC7F7007337AB /* RXViewBinderColorAPITests.swift in Sources */ = {isa = PBXBuildFile; fileRef = EE65A0C1248CC7F7007337AB /* RXViewBinderColorAPITests.swift */; };
		EE65A0CD248CC7F7007337AB /* RXViewBinderColorAPIUITests.swift in Sources */ = {isa = PBXBuildFile; fileRef = EE65A0CC248CC7F7007337AB /* RXViewBinderColorAPIUITests.swift */; };
/* End PBXBuildFile section */

/* Begin PBXContainerItemProxy section */
		EE65A0BE248CC7F7007337AB /* PBXContainerItemProxy */ = {
			isa = PBXContainerItemProxy;
			containerPortal = EE65A09F248CC7F3007337AB /* Project object */;
			proxyType = 1;
			remoteGlobalIDString = EE65A0A6248CC7F3007337AB;
			remoteInfo = RXViewBinderColorAPI;
		};
		EE65A0C9248CC7F7007337AB /* PBXContainerItemProxy */ = {
			isa = PBXContainerItemProxy;
			containerPortal = EE65A09F248CC7F3007337AB /* Project object */;
			proxyType = 1;
			remoteGlobalIDString = EE65A0A6248CC7F3007337AB;
			remoteInfo = RXViewBinderColorAPI;
		};
/* End PBXContainerItemProxy section */

/* Begin PBXFileReference section */
		EE65A0A7248CC7F3007337AB /* RXViewBinderColorAPI.app */ = {isa = PBXFileReference; explicitFileType = wrapper.application; includeInIndex = 0; path = RXViewBinderColorAPI.app; sourceTree = BUILT_PRODUCTS_DIR; };
		EE65A0AA248CC7F3007337AB /* AppDelegate.swift */ = {isa = PBXFileReference; lastKnownFileType = sourcecode.swift; path = AppDelegate.swift; sourceTree = "<group>"; };
		EE65A0AC248CC7F3007337AB /* SceneDelegate.swift */ = {isa = PBXFileReference; lastKnownFileType = sourcecode.swift; path = SceneDelegate.swift; sourceTree = "<group>"; };
		EE65A0AE248CC7F3007337AB /* ViewController.swift */ = {isa = PBXFileReference; lastKnownFileType = sourcecode.swift; path = ViewController.swift; sourceTree = "<group>"; };
		EE65A0B1248CC7F3007337AB /* Base */ = {isa = PBXFileReference; lastKnownFileType = file.storyboard; name = Base; path = Base.lproj/Main.storyboard; sourceTree = "<group>"; };
		EE65A0B3248CC7F6007337AB /* Assets.xcassets */ = {isa = PBXFileReference; lastKnownFileType = folder.assetcatalog; path = Assets.xcassets; sourceTree = "<group>"; };
		EE65A0B6248CC7F6007337AB /* Base */ = {isa = PBXFileReference; lastKnownFileType = file.storyboard; name = Base; path = Base.lproj/LaunchScreen.storyboard; sourceTree = "<group>"; };
		EE65A0B8248CC7F6007337AB /* Info.plist */ = {isa = PBXFileReference; lastKnownFileType = text.plist.xml; path = Info.plist; sourceTree = "<group>"; };
		EE65A0BD248CC7F7007337AB /* RXViewBinderColorAPITests.xctest */ = {isa = PBXFileReference; explicitFileType = wrapper.cfbundle; includeInIndex = 0; path = RXViewBinderColorAPITests.xctest; sourceTree = BUILT_PRODUCTS_DIR; };
		EE65A0C1248CC7F7007337AB /* RXViewBinderColorAPITests.swift */ = {isa = PBXFileReference; lastKnownFileType = sourcecode.swift; path = RXViewBinderColorAPITests.swift; sourceTree = "<group>"; };
		EE65A0C3248CC7F7007337AB /* Info.plist */ = {isa = PBXFileReference; lastKnownFileType = text.plist.xml; path = Info.plist; sourceTree = "<group>"; };
		EE65A0C8248CC7F7007337AB /* RXViewBinderColorAPIUITests.xctest */ = {isa = PBXFileReference; explicitFileType = wrapper.cfbundle; includeInIndex = 0; path = RXViewBinderColorAPIUITests.xctest; sourceTree = BUILT_PRODUCTS_DIR; };
		EE65A0CC248CC7F7007337AB /* RXViewBinderColorAPIUITests.swift */ = {isa = PBXFileReference; lastKnownFileType = sourcecode.swift; path = RXViewBinderColorAPIUITests.swift; sourceTree = "<group>"; };
		EE65A0CE248CC7F7007337AB /* Info.plist */ = {isa = PBXFileReference; lastKnownFileType = text.plist.xml; path = Info.plist; sourceTree = "<group>"; };
/* End PBXFileReference section */

/* Begin PBXFrameworksBuildPhase section */
		EE65A0A4248CC7F3007337AB /* Frameworks */ = {
			isa = PBXFrameworksBuildPhase;
			buildActionMask = 2147483647;
			files = (
			);
			runOnlyForDeploymentPostprocessing = 0;
		};
		EE65A0BA248CC7F7007337AB /* Frameworks */ = {
			isa = PBXFrameworksBuildPhase;
			buildActionMask = 2147483647;
			files = (
			);
			runOnlyForDeploymentPostprocessing = 0;
		};
		EE65A0C5248CC7F7007337AB /* Frameworks */ = {
			isa = PBXFrameworksBuildPhase;
			buildActionMask = 2147483647;
			files = (
			);
			runOnlyForDeploymentPostprocessing = 0;
		};
/* End PBXFrameworksBuildPhase section */

/* Begin PBXGroup section */
		EE65A09E248CC7F3007337AB = {
			isa = PBXGroup;
			children = (
				EE65A0A9248CC7F3007337AB /* RXViewBinderColorAPI */,
				EE65A0C0248CC7F7007337AB /* RXViewBinderColorAPITests */,
				EE65A0CB248CC7F7007337AB /* RXViewBinderColorAPIUITests */,
				EE65A0A8248CC7F3007337AB /* Products */,
			);
			sourceTree = "<group>";
		};
		EE65A0A8248CC7F3007337AB /* Products */ = {
			isa = PBXGroup;
			children = (
				EE65A0A7248CC7F3007337AB /* RXViewBinderColorAPI.app */,
				EE65A0BD248CC7F7007337AB /* RXViewBinderColorAPITests.xctest */,
				EE65A0C8248CC7F7007337AB /* RXViewBinderColorAPIUITests.xctest */,
			);
			name = Products;
			sourceTree = "<group>";
		};
		EE65A0A9248CC7F3007337AB /* RXViewBinderColorAPI */ = {
			isa = PBXGroup;
			children = (
				EE65A0AA248CC7F3007337AB /* AppDelegate.swift */,
				EE65A0AC248CC7F3007337AB /* SceneDelegate.swift */,
				EE65A0AE248CC7F3007337AB /* ViewController.swift */,
				EE65A0B0248CC7F3007337AB /* Main.storyboard */,
				EE65A0B3248CC7F6007337AB /* Assets.xcassets */,
				EE65A0B5248CC7F6007337AB /* LaunchScreen.storyboard */,
				EE65A0B8248CC7F6007337AB /* Info.plist */,
			);
			path = RXViewBinderColorAPI;
			sourceTree = "<group>";
		};
		EE65A0C0248CC7F7007337AB /* RXViewBinderColorAPITests */ = {
			isa = PBXGroup;
			children = (
				EE65A0C1248CC7F7007337AB /* RXViewBinderColorAPITests.swift */,
				EE65A0C3248CC7F7007337AB /* Info.plist */,
			);
			path = RXViewBinderColorAPITests;
			sourceTree = "<group>";
		};
		EE65A0CB248CC7F7007337AB /* RXViewBinderColorAPIUITests */ = {
			isa = PBXGroup;
			children = (
				EE65A0CC248CC7F7007337AB /* RXViewBinderColorAPIUITests.swift */,
				EE65A0CE248CC7F7007337AB /* Info.plist */,
			);
			path = RXViewBinderColorAPIUITests;
			sourceTree = "<group>";
		};
/* End PBXGroup section */

/* Begin PBXNativeTarget section */
		EE65A0A6248CC7F3007337AB /* RXViewBinderColorAPI */ = {
			isa = PBXNativeTarget;
			buildConfigurationList = EE65A0D1248CC7F7007337AB /* Build configuration list for PBXNativeTarget "RXViewBinderColorAPI" */;
			buildPhases = (
				EE65A0A3248CC7F3007337AB /* Sources */,
				EE65A0A4248CC7F3007337AB /* Frameworks */,
				EE65A0A5248CC7F3007337AB /* Resources */,
			);
			buildRules = (
			);
			dependencies = (
			);
			name = RXViewBinderColorAPI;
			productName = RXViewBinderColorAPI;
			productReference = EE65A0A7248CC7F3007337AB /* RXViewBinderColorAPI.app */;
			productType = "com.apple.product-type.application";
		};
		EE65A0BC248CC7F7007337AB /* RXViewBinderColorAPITests */ = {
			isa = PBXNativeTarget;
			buildConfigurationList = EE65A0D4248CC7F7007337AB /* Build configuration list for PBXNativeTarget "RXViewBinderColorAPITests" */;
			buildPhases = (
				EE65A0B9248CC7F7007337AB /* Sources */,
				EE65A0BA248CC7F7007337AB /* Frameworks */,
				EE65A0BB248CC7F7007337AB /* Resources */,
			);
			buildRules = (
			);
			dependencies = (
				EE65A0BF248CC7F7007337AB /* PBXTargetDependency */,
			);
			name = RXViewBinderColorAPITests;
			productName = RXViewBinderColorAPITests;
			productReference = EE65A0BD248CC7F7007337AB /* RXViewBinderColorAPITests.xctest */;
			productType = "com.apple.product-type.bundle.unit-test";
		};
		EE65A0C7248CC7F7007337AB /* RXViewBinderColorAPIUITests */ = {
			isa = PBXNativeTarget;
			buildConfigurationList = EE65A0D7248CC7F7007337AB /* Build configuration list for PBXNativeTarget "RXViewBinderColorAPIUITests" */;
			buildPhases = (
				EE65A0C4248CC7F7007337AB /* Sources */,
				EE65A0C5248CC7F7007337AB /* Frameworks */,
				EE65A0C6248CC7F7007337AB /* Resources */,
			);
			buildRules = (
			);
			dependencies = (
				EE65A0CA248CC7F7007337AB /* PBXTargetDependency */,
			);
			name = RXViewBinderColorAPIUITests;
			productName = RXViewBinderColorAPIUITests;
			productReference = EE65A0C8248CC7F7007337AB /* RXViewBinderColorAPIUITests.xctest */;
			productType = "com.apple.product-type.bundle.ui-testing";
		};
/* End PBXNativeTarget section */

/* Begin PBXProject section */
		EE65A09F248CC7F3007337AB /* Project object */ = {
			isa = PBXProject;
			attributes = {
				LastSwiftUpdateCheck = 1150;
				LastUpgradeCheck = 1150;
				ORGANIZATIONNAME = Lyine;
				TargetAttributes = {
					EE65A0A6248CC7F3007337AB = {
						CreatedOnToolsVersion = 11.5;
					};
					EE65A0BC248CC7F7007337AB = {
						CreatedOnToolsVersion = 11.5;
						TestTargetID = EE65A0A6248CC7F3007337AB;
					};
					EE65A0C7248CC7F7007337AB = {
						CreatedOnToolsVersion = 11.5;
						TestTargetID = EE65A0A6248CC7F3007337AB;
					};
				};
			};
			buildConfigurationList = EE65A0A2248CC7F3007337AB /* Build configuration list for PBXProject "RXViewBinderColorAPI" */;
			compatibilityVersion = "Xcode 9.3";
			developmentRegion = en;
			hasScannedForEncodings = 0;
			knownRegions = (
				en,
				Base,
			);
			mainGroup = EE65A09E248CC7F3007337AB;
			productRefGroup = EE65A0A8248CC7F3007337AB /* Products */;
			projectDirPath = "";
			projectRoot = "";
			targets = (
				EE65A0A6248CC7F3007337AB /* RXViewBinderColorAPI */,
				EE65A0BC248CC7F7007337AB /* RXViewBinderColorAPITests */,
				EE65A0C7248CC7F7007337AB /* RXViewBinderColorAPIUITests */,
			);
		};
/* End PBXProject section */

/* Begin PBXResourcesBuildPhase section */
		EE65A0A5248CC7F3007337AB /* Resources */ = {
			isa = PBXResourcesBuildPhase;
			buildActionMask = 2147483647;
			files = (
				EE65A0B7248CC7F6007337AB /* LaunchScreen.storyboard in Resources */,
				EE65A0B4248CC7F6007337AB /* Assets.xcassets in Resources */,
				EE65A0B2248CC7F3007337AB /* Main.storyboard in Resources */,
			);
			runOnlyForDeploymentPostprocessing = 0;
		};
		EE65A0BB248CC7F7007337AB /* Resources */ = {
			isa = PBXResourcesBuildPhase;
			buildActionMask = 2147483647;
			files = (
			);
			runOnlyForDeploymentPostprocessing = 0;
		};
		EE65A0C6248CC7F7007337AB /* Resources */ = {
			isa = PBXResourcesBuildPhase;
			buildActionMask = 2147483647;
			files = (
			);
			runOnlyForDeploymentPostprocessing = 0;
		};
/* End PBXResourcesBuildPhase section */

/* Begin PBXSourcesBuildPhase section */
		EE65A0A3248CC7F3007337AB /* Sources */ = {
			isa = PBXSourcesBuildPhase;
			buildActionMask = 2147483647;
			files = (
				EE65A0AF248CC7F3007337AB /* ViewController.swift in Sources */,
				EE65A0AB248CC7F3007337AB /* AppDelegate.swift in Sources */,
				EE65A0AD248CC7F3007337AB /* SceneDelegate.swift in Sources */,
			);
			runOnlyForDeploymentPostprocessing = 0;
		};
		EE65A0B9248CC7F7007337AB /* Sources */ = {
			isa = PBXSourcesBuildPhase;
			buildActionMask = 2147483647;
			files = (
				EE65A0C2248CC7F7007337AB /* RXViewBinderColorAPITests.swift in Sources */,
			);
			runOnlyForDeploymentPostprocessing = 0;
		};
		EE65A0C4248CC7F7007337AB /* Sources */ = {
			isa = PBXSourcesBuildPhase;
			buildActionMask = 2147483647;
			files = (
				EE65A0CD248CC7F7007337AB /* RXViewBinderColorAPIUITests.swift in Sources */,
			);
			runOnlyForDeploymentPostprocessing = 0;
		};
/* End PBXSourcesBuildPhase section */

/* Begin PBXTargetDependency section */
		EE65A0BF248CC7F7007337AB /* PBXTargetDependency */ = {
			isa = PBXTargetDependency;
			target = EE65A0A6248CC7F3007337AB /* RXViewBinderColorAPI */;
			targetProxy = EE65A0BE248CC7F7007337AB /* PBXContainerItemProxy */;
		};
		EE65A0CA248CC7F7007337AB /* PBXTargetDependency */ = {
			isa = PBXTargetDependency;
			target = EE65A0A6248CC7F3007337AB /* RXViewBinderColorAPI */;
			targetProxy = EE65A0C9248CC7F7007337AB /* PBXContainerItemProxy */;
		};
/* End PBXTargetDependency section */

/* Begin PBXVariantGroup section */
		EE65A0B0248CC7F3007337AB /* Main.storyboard */ = {
			isa = PBXVariantGroup;
			children = (
				EE65A0B1248CC7F3007337AB /* Base */,
			);
			name = Main.storyboard;
			sourceTree = "<group>";
		};
		EE65A0B5248CC7F6007337AB /* LaunchScreen.storyboard */ = {
			isa = PBXVariantGroup;
			children = (
				EE65A0B6248CC7F6007337AB /* Base */,
			);
			name = LaunchScreen.storyboard;
			sourceTree = "<group>";
		};
/* End PBXVariantGroup section */

/* Begin XCBuildConfiguration section */
		EE65A0CF248CC7F7007337AB /* Debug */ = {
			isa = XCBuildConfiguration;
			buildSettings = {
				ALWAYS_SEARCH_USER_PATHS = NO;
				CLANG_ANALYZER_NONNULL = YES;
				CLANG_ANALYZER_NUMBER_OBJECT_CONVERSION = YES_AGGRESSIVE;
				CLANG_CXX_LANGUAGE_STANDARD = "gnu++14";
				CLANG_CXX_LIBRARY = "libc++";
				CLANG_ENABLE_MODULES = YES;
				CLANG_ENABLE_OBJC_ARC = YES;
				CLANG_ENABLE_OBJC_WEAK = YES;
				CLANG_WARN_BLOCK_CAPTURE_AUTORELEASING = YES;
				CLANG_WARN_BOOL_CONVERSION = YES;
				CLANG_WARN_COMMA = YES;
				CLANG_WARN_CONSTANT_CONVERSION = YES;
				CLANG_WARN_DEPRECATED_OBJC_IMPLEMENTATIONS = YES;
				CLANG_WARN_DIRECT_OBJC_ISA_USAGE = YES_ERROR;
				CLANG_WARN_DOCUMENTATION_COMMENTS = YES;
				CLANG_WARN_EMPTY_BODY = YES;
				CLANG_WARN_ENUM_CONVERSION = YES;
				CLANG_WARN_INFINITE_RECURSION = YES;
				CLANG_WARN_INT_CONVERSION = YES;
				CLANG_WARN_NON_LITERAL_NULL_CONVERSION = YES;
				CLANG_WARN_OBJC_IMPLICIT_RETAIN_SELF = YES;
				CLANG_WARN_OBJC_LITERAL_CONVERSION = YES;
				CLANG_WARN_OBJC_ROOT_CLASS = YES_ERROR;
				CLANG_WARN_RANGE_LOOP_ANALYSIS = YES;
				CLANG_WARN_STRICT_PROTOTYPES = YES;
				CLANG_WARN_SUSPICIOUS_MOVE = YES;
				CLANG_WARN_UNGUARDED_AVAILABILITY = YES_AGGRESSIVE;
				CLANG_WARN_UNREACHABLE_CODE = YES;
				CLANG_WARN__DUPLICATE_METHOD_MATCH = YES;
				COPY_PHASE_STRIP = NO;
				DEBUG_INFORMATION_FORMAT = dwarf;
				ENABLE_STRICT_OBJC_MSGSEND = YES;
				ENABLE_TESTABILITY = YES;
				GCC_C_LANGUAGE_STANDARD = gnu11;
				GCC_DYNAMIC_NO_PIC = NO;
				GCC_NO_COMMON_BLOCKS = YES;
				GCC_OPTIMIZATION_LEVEL = 0;
				GCC_PREPROCESSOR_DEFINITIONS = (
					"DEBUG=1",
					"$(inherited)",
				);
				GCC_WARN_64_TO_32_BIT_CONVERSION = YES;
				GCC_WARN_ABOUT_RETURN_TYPE = YES_ERROR;
				GCC_WARN_UNDECLARED_SELECTOR = YES;
				GCC_WARN_UNINITIALIZED_AUTOS = YES_AGGRESSIVE;
				GCC_WARN_UNUSED_FUNCTION = YES;
				GCC_WARN_UNUSED_VARIABLE = YES;
				IPHONEOS_DEPLOYMENT_TARGET = 13.5;
				MTL_ENABLE_DEBUG_INFO = INCLUDE_SOURCE;
				MTL_FAST_MATH = YES;
				ONLY_ACTIVE_ARCH = YES;
				SDKROOT = iphoneos;
				SWIFT_ACTIVE_COMPILATION_CONDITIONS = DEBUG;
				SWIFT_OPTIMIZATION_LEVEL = "-Onone";
			};
			name = Debug;
		};
		EE65A0D0248CC7F7007337AB /* Release */ = {
			isa = XCBuildConfiguration;
			buildSettings = {
				ALWAYS_SEARCH_USER_PATHS = NO;
				CLANG_ANALYZER_NONNULL = YES;
				CLANG_ANALYZER_NUMBER_OBJECT_CONVERSION = YES_AGGRESSIVE;
				CLANG_CXX_LANGUAGE_STANDARD = "gnu++14";
				CLANG_CXX_LIBRARY = "libc++";
				CLANG_ENABLE_MODULES = YES;
				CLANG_ENABLE_OBJC_ARC = YES;
				CLANG_ENABLE_OBJC_WEAK = YES;
				CLANG_WARN_BLOCK_CAPTURE_AUTORELEASING = YES;
				CLANG_WARN_BOOL_CONVERSION = YES;
				CLANG_WARN_COMMA = YES;
				CLANG_WARN_CONSTANT_CONVERSION = YES;
				CLANG_WARN_DEPRECATED_OBJC_IMPLEMENTATIONS = YES;
				CLANG_WARN_DIRECT_OBJC_ISA_USAGE = YES_ERROR;
				CLANG_WARN_DOCUMENTATION_COMMENTS = YES;
				CLANG_WARN_EMPTY_BODY = YES;
				CLANG_WARN_ENUM_CONVERSION = YES;
				CLANG_WARN_INFINITE_RECURSION = YES;
				CLANG_WARN_INT_CONVERSION = YES;
				CLANG_WARN_NON_LITERAL_NULL_CONVERSION = YES;
				CLANG_WARN_OBJC_IMPLICIT_RETAIN_SELF = YES;
				CLANG_WARN_OBJC_LITERAL_CONVERSION = YES;
				CLANG_WARN_OBJC_ROOT_CLASS = YES_ERROR;
				CLANG_WARN_RANGE_LOOP_ANALYSIS = YES;
				CLANG_WARN_STRICT_PROTOTYPES = YES;
				CLANG_WARN_SUSPICIOUS_MOVE = YES;
				CLANG_WARN_UNGUARDED_AVAILABILITY = YES_AGGRESSIVE;
				CLANG_WARN_UNREACHABLE_CODE = YES;
				CLANG_WARN__DUPLICATE_METHOD_MATCH = YES;
				COPY_PHASE_STRIP = NO;
				DEBUG_INFORMATION_FORMAT = "dwarf-with-dsym";
				ENABLE_NS_ASSERTIONS = NO;
				ENABLE_STRICT_OBJC_MSGSEND = YES;
				GCC_C_LANGUAGE_STANDARD = gnu11;
				GCC_NO_COMMON_BLOCKS = YES;
				GCC_WARN_64_TO_32_BIT_CONVERSION = YES;
				GCC_WARN_ABOUT_RETURN_TYPE = YES_ERROR;
				GCC_WARN_UNDECLARED_SELECTOR = YES;
				GCC_WARN_UNINITIALIZED_AUTOS = YES_AGGRESSIVE;
				GCC_WARN_UNUSED_FUNCTION = YES;
				GCC_WARN_UNUSED_VARIABLE = YES;
				IPHONEOS_DEPLOYMENT_TARGET = 13.5;
				MTL_ENABLE_DEBUG_INFO = NO;
				MTL_FAST_MATH = YES;
				SDKROOT = iphoneos;
				SWIFT_COMPILATION_MODE = wholemodule;
				SWIFT_OPTIMIZATION_LEVEL = "-O";
				VALIDATE_PRODUCT = YES;
			};
			name = Release;
		};
		EE65A0D2248CC7F7007337AB /* Debug */ = {
			isa = XCBuildConfiguration;
			buildSettings = {
				ASSETCATALOG_COMPILER_APPICON_NAME = AppIcon;
				CODE_SIGN_STYLE = Automatic;
				DEVELOPMENT_TEAM = 83T5257BF7;
				INFOPLIST_FILE = RXViewBinderColorAPI/Info.plist;
				LD_RUNPATH_SEARCH_PATHS = (
					"$(inherited)",
					"@executable_path/Frameworks",
				);
				PRODUCT_BUNDLE_IDENTIFIER = com.linne.RXViewBinderColorAPI;
				PRODUCT_NAME = "$(TARGET_NAME)";
				SWIFT_VERSION = 5.0;
				TARGETED_DEVICE_FAMILY = "1,2";
			};
			name = Debug;
		};
		EE65A0D3248CC7F7007337AB /* Release */ = {
			isa = XCBuildConfiguration;
			buildSettings = {
				ASSETCATALOG_COMPILER_APPICON_NAME = AppIcon;
				CODE_SIGN_STYLE = Automatic;
				DEVELOPMENT_TEAM = 83T5257BF7;
				INFOPLIST_FILE = RXViewBinderColorAPI/Info.plist;
				LD_RUNPATH_SEARCH_PATHS = (
					"$(inherited)",
					"@executable_path/Frameworks",
				);
				PRODUCT_BUNDLE_IDENTIFIER = com.linne.RXViewBinderColorAPI;
				PRODUCT_NAME = "$(TARGET_NAME)";
				SWIFT_VERSION = 5.0;
				TARGETED_DEVICE_FAMILY = "1,2";
			};
			name = Release;
		};
		EE65A0D5248CC7F7007337AB /* Debug */ = {
			isa = XCBuildConfiguration;
			buildSettings = {
				ALWAYS_EMBED_SWIFT_STANDARD_LIBRARIES = YES;
				BUNDLE_LOADER = "$(TEST_HOST)";
				CODE_SIGN_STYLE = Automatic;
				DEVELOPMENT_TEAM = 83T5257BF7;
				INFOPLIST_FILE = RXViewBinderColorAPITests/Info.plist;
				IPHONEOS_DEPLOYMENT_TARGET = 13.5;
				LD_RUNPATH_SEARCH_PATHS = (
					"$(inherited)",
					"@executable_path/Frameworks",
					"@loader_path/Frameworks",
				);
				PRODUCT_BUNDLE_IDENTIFIER = com.linne.RXViewBinderColorAPITests;
				PRODUCT_NAME = "$(TARGET_NAME)";
				SWIFT_VERSION = 5.0;
				TARGETED_DEVICE_FAMILY = "1,2";
				TEST_HOST = "$(BUILT_PRODUCTS_DIR)/RXViewBinderColorAPI.app/RXViewBinderColorAPI";
			};
			name = Debug;
		};
		EE65A0D6248CC7F7007337AB /* Release */ = {
			isa = XCBuildConfiguration;
			buildSettings = {
				ALWAYS_EMBED_SWIFT_STANDARD_LIBRARIES = YES;
				BUNDLE_LOADER = "$(TEST_HOST)";
				CODE_SIGN_STYLE = Automatic;
				DEVELOPMENT_TEAM = 83T5257BF7;
				INFOPLIST_FILE = RXViewBinderColorAPITests/Info.plist;
				IPHONEOS_DEPLOYMENT_TARGET = 13.5;
				LD_RUNPATH_SEARCH_PATHS = (
					"$(inherited)",
					"@executable_path/Frameworks",
					"@loader_path/Frameworks",
				);
				PRODUCT_BUNDLE_IDENTIFIER = com.linne.RXViewBinderColorAPITests;
				PRODUCT_NAME = "$(TARGET_NAME)";
				SWIFT_VERSION = 5.0;
				TARGETED_DEVICE_FAMILY = "1,2";
				TEST_HOST = "$(BUILT_PRODUCTS_DIR)/RXViewBinderColorAPI.app/RXViewBinderColorAPI";
			};
			name = Release;
		};
		EE65A0D8248CC7F7007337AB /* Debug */ = {
			isa = XCBuildConfiguration;
			buildSettings = {
				ALWAYS_EMBED_SWIFT_STANDARD_LIBRARIES = YES;
				CODE_SIGN_STYLE = Automatic;
				DEVELOPMENT_TEAM = 83T5257BF7;
				INFOPLIST_FILE = RXViewBinderColorAPIUITests/Info.plist;
				LD_RUNPATH_SEARCH_PATHS = (
					"$(inherited)",
					"@executable_path/Frameworks",
					"@loader_path/Frameworks",
				);
				PRODUCT_BUNDLE_IDENTIFIER = com.linne.RXViewBinderColorAPIUITests;
				PRODUCT_NAME = "$(TARGET_NAME)";
				SWIFT_VERSION = 5.0;
				TARGETED_DEVICE_FAMILY = "1,2";
				TEST_TARGET_NAME = RXViewBinderColorAPI;
			};
			name = Debug;
		};
		EE65A0D9248CC7F7007337AB /* Release */ = {
			isa = XCBuildConfiguration;
			buildSettings = {
				ALWAYS_EMBED_SWIFT_STANDARD_LIBRARIES = YES;
				CODE_SIGN_STYLE = Automatic;
				DEVELOPMENT_TEAM = 83T5257BF7;
				INFOPLIST_FILE = RXViewBinderColorAPIUITests/Info.plist;
				LD_RUNPATH_SEARCH_PATHS = (
					"$(inherited)",
					"@executable_path/Frameworks",
					"@loader_path/Frameworks",
				);
				PRODUCT_BUNDLE_IDENTIFIER = com.linne.RXViewBinderColorAPIUITests;
				PRODUCT_NAME = "$(TARGET_NAME)";
				SWIFT_VERSION = 5.0;
				TARGETED_DEVICE_FAMILY = "1,2";
				TEST_TARGET_NAME = RXViewBinderColorAPI;
			};
			name = Release;
		};
/* End XCBuildConfiguration section */

/* Begin XCConfigurationList section */
		EE65A0A2248CC7F3007337AB /* Build configuration list for PBXProject "RXViewBinderColorAPI" */ = {
			isa = XCConfigurationList;
			buildConfigurations = (
				EE65A0CF248CC7F7007337AB /* Debug */,
				EE65A0D0248CC7F7007337AB /* Release */,
			);
			defaultConfigurationIsVisible = 0;
			defaultConfigurationName = Release;
		};
		EE65A0D1248CC7F7007337AB /* Build configuration list for PBXNativeTarget "RXViewBinderColorAPI" */ = {
			isa = XCConfigurationList;
			buildConfigurations = (
				EE65A0D2248CC7F7007337AB /* Debug */,
				EE65A0D3248CC7F7007337AB /* Release */,
			);
			defaultConfigurationIsVisible = 0;
			defaultConfigurationName = Release;
		};
		EE65A0D4248CC7F7007337AB /* Build configuration list for PBXNativeTarget "RXViewBinderColorAPITests" */ = {
			isa = XCConfigurationList;
			buildConfigurations = (
				EE65A0D5248CC7F7007337AB /* Debug */,
				EE65A0D6248CC7F7007337AB /* Release */,
			);
			defaultConfigurationIsVisible = 0;
			defaultConfigurationName = Release;
		};
		EE65A0D7248CC7F7007337AB /* Build configuration list for PBXNativeTarget "RXViewBinderColorAPIUITests" */ = {
			isa = XCConfigurationList;
			buildConfigurations = (
				EE65A0D8248CC7F7007337AB /* Debug */,
				EE65A0D9248CC7F7007337AB /* Release */,
			);
			defaultConfigurationIsVisible = 0;
			defaultConfigurationName = Release;
		};
/* End XCConfigurationList section */
	};
	rootObject = EE65A09F248CC7F3007337AB /* Project object */;
}
